// !$*UTF8*$!
{
	archiveVersion = 1;
	classes = {
	};
	objectVersion = 50;
	objects = {

/* Begin PBXBuildFile section */
		1AC30175238073D700DE8CC9 /* AppDelegate.swift in Sources */ = {isa = PBXBuildFile; fileRef = 1AC30174238073D700DE8CC9 /* AppDelegate.swift */; };
		1AC30177238073D700DE8CC9 /* SceneDelegate.swift in Sources */ = {isa = PBXBuildFile; fileRef = 1AC30176238073D700DE8CC9 /* SceneDelegate.swift */; };
		1AC30179238073D700DE8CC9 /* ViewController.swift in Sources */ = {isa = PBXBuildFile; fileRef = 1AC30178238073D700DE8CC9 /* ViewController.swift */; };
		1AC3017C238073D700DE8CC9 /* Main.storyboard in Resources */ = {isa = PBXBuildFile; fileRef = 1AC3017A238073D700DE8CC9 /* Main.storyboard */; };
		1AC3017F238073D700DE8CC9 /* MovieCheck.xcdatamodeld in Sources */ = {isa = PBXBuildFile; fileRef = 1AC3017D238073D700DE8CC9 /* MovieCheck.xcdatamodeld */; };
		1AC30181238073D900DE8CC9 /* Assets.xcassets in Resources */ = {isa = PBXBuildFile; fileRef = 1AC30180238073D900DE8CC9 /* Assets.xcassets */; };
		1AC30184238073D900DE8CC9 /* LaunchScreen.storyboard in Resources */ = {isa = PBXBuildFile; fileRef = 1AC30182238073D900DE8CC9 /* LaunchScreen.storyboard */; };
		1AC3018F238073DA00DE8CC9 /* MovieCheckStructTests.swift in Sources */ = {isa = PBXBuildFile; fileRef = 1AC3018E238073DA00DE8CC9 /* MovieCheckStructTests.swift */; };
		1AC3019A238073DA00DE8CC9 /* MovieCheckUITests.swift in Sources */ = {isa = PBXBuildFile; fileRef = 1AC30199238073DA00DE8CC9 /* MovieCheckUITests.swift */; };
		1AC301A82380782600DE8CC9 /* Movie.swift in Sources */ = {isa = PBXBuildFile; fileRef = 1AC301A72380782600DE8CC9 /* Movie.swift */; };
/* End PBXBuildFile section */

/* Begin PBXContainerItemProxy section */
		1AC3018B238073DA00DE8CC9 /* PBXContainerItemProxy */ = {
			isa = PBXContainerItemProxy;
			containerPortal = 1AC30169238073D700DE8CC9 /* Project object */;
			proxyType = 1;
			remoteGlobalIDString = 1AC30170238073D700DE8CC9;
			remoteInfo = MovieCheck;
		};
		1AC30196238073DA00DE8CC9 /* PBXContainerItemProxy */ = {
			isa = PBXContainerItemProxy;
			containerPortal = 1AC30169238073D700DE8CC9 /* Project object */;
			proxyType = 1;
			remoteGlobalIDString = 1AC30170238073D700DE8CC9;
			remoteInfo = MovieCheck;
		};
/* End PBXContainerItemProxy section */

/* Begin PBXFileReference section */
		1AC30171238073D700DE8CC9 /* MovieCheck.app */ = {isa = PBXFileReference; explicitFileType = wrapper.application; includeInIndex = 0; path = MovieCheck.app; sourceTree = BUILT_PRODUCTS_DIR; };
		1AC30174238073D700DE8CC9 /* AppDelegate.swift */ = {isa = PBXFileReference; lastKnownFileType = sourcecode.swift; path = AppDelegate.swift; sourceTree = "<group>"; };
		1AC30176238073D700DE8CC9 /* SceneDelegate.swift */ = {isa = PBXFileReference; lastKnownFileType = sourcecode.swift; path = SceneDelegate.swift; sourceTree = "<group>"; };
		1AC30178238073D700DE8CC9 /* ViewController.swift */ = {isa = PBXFileReference; lastKnownFileType = sourcecode.swift; path = ViewController.swift; sourceTree = "<group>"; };
		1AC3017B238073D700DE8CC9 /* Base */ = {isa = PBXFileReference; lastKnownFileType = file.storyboard; name = Base; path = Base.lproj/Main.storyboard; sourceTree = "<group>"; };
		1AC3017E238073D700DE8CC9 /* MovieCheck.xcdatamodel */ = {isa = PBXFileReference; lastKnownFileType = wrapper.xcdatamodel; path = MovieCheck.xcdatamodel; sourceTree = "<group>"; };
		1AC30180238073D900DE8CC9 /* Assets.xcassets */ = {isa = PBXFileReference; lastKnownFileType = folder.assetcatalog; path = Assets.xcassets; sourceTree = "<group>"; };
		1AC30183238073D900DE8CC9 /* Base */ = {isa = PBXFileReference; lastKnownFileType = file.storyboard; name = Base; path = Base.lproj/LaunchScreen.storyboard; sourceTree = "<group>"; };
		1AC30185238073D900DE8CC9 /* Info.plist */ = {isa = PBXFileReference; lastKnownFileType = text.plist.xml; path = Info.plist; sourceTree = "<group>"; };
		1AC3018A238073DA00DE8CC9 /* MovieCheckTests.xctest */ = {isa = PBXFileReference; explicitFileType = wrapper.cfbundle; includeInIndex = 0; path = MovieCheckTests.xctest; sourceTree = BUILT_PRODUCTS_DIR; };
		1AC3018E238073DA00DE8CC9 /* MovieCheckStructTests.swift */ = {isa = PBXFileReference; lastKnownFileType = sourcecode.swift; path = MovieCheckStructTests.swift; sourceTree = "<group>"; };
		1AC30190238073DA00DE8CC9 /* Info.plist */ = {isa = PBXFileReference; lastKnownFileType = text.plist.xml; path = Info.plist; sourceTree = "<group>"; };
		1AC30195238073DA00DE8CC9 /* MovieCheckUITests.xctest */ = {isa = PBXFileReference; explicitFileType = wrapper.cfbundle; includeInIndex = 0; path = MovieCheckUITests.xctest; sourceTree = BUILT_PRODUCTS_DIR; };
		1AC30199238073DA00DE8CC9 /* MovieCheckUITests.swift */ = {isa = PBXFileReference; lastKnownFileType = sourcecode.swift; path = MovieCheckUITests.swift; sourceTree = "<group>"; };
		1AC3019B238073DA00DE8CC9 /* Info.plist */ = {isa = PBXFileReference; lastKnownFileType = text.plist.xml; path = Info.plist; sourceTree = "<group>"; };
		1AC301A72380782600DE8CC9 /* Movie.swift */ = {isa = PBXFileReference; lastKnownFileType = sourcecode.swift; path = Movie.swift; sourceTree = "<group>"; };
/* End PBXFileReference section */

/* Begin PBXFrameworksBuildPhase section */
		1AC3016E238073D700DE8CC9 /* Frameworks */ = {
			isa = PBXFrameworksBuildPhase;
			buildActionMask = 2147483647;
			files = (
			);
			runOnlyForDeploymentPostprocessing = 0;
		};
		1AC30187238073DA00DE8CC9 /* Frameworks */ = {
			isa = PBXFrameworksBuildPhase;
			buildActionMask = 2147483647;
			files = (
			);
			runOnlyForDeploymentPostprocessing = 0;
		};
		1AC30192238073DA00DE8CC9 /* Frameworks */ = {
			isa = PBXFrameworksBuildPhase;
			buildActionMask = 2147483647;
			files = (
			);
			runOnlyForDeploymentPostprocessing = 0;
		};
/* End PBXFrameworksBuildPhase section */

/* Begin PBXGroup section */
		1AC30168238073D700DE8CC9 = {
			isa = PBXGroup;
			children = (
				1AC30173238073D700DE8CC9 /* MovieCheck */,
				1AC3018D238073DA00DE8CC9 /* MovieCheckTests */,
				1AC30198238073DA00DE8CC9 /* MovieCheckUITests */,
				1AC30172238073D700DE8CC9 /* Products */,
			);
			sourceTree = "<group>";
		};
		1AC30172238073D700DE8CC9 /* Products */ = {
			isa = PBXGroup;
			children = (
				1AC30171238073D700DE8CC9 /* MovieCheck.app */,
				1AC3018A238073DA00DE8CC9 /* MovieCheckTests.xctest */,
				1AC30195238073DA00DE8CC9 /* MovieCheckUITests.xctest */,
			);
			name = Products;
			sourceTree = "<group>";
		};
		1AC30173238073D700DE8CC9 /* MovieCheck */ = {
			isa = PBXGroup;
			children = (
				1AC301AA23807D8400DE8CC9 /* Controllers */,
				1AC301A923807D7500DE8CC9 /* Models */,
				1AC30174238073D700DE8CC9 /* AppDelegate.swift */,
				1AC30176238073D700DE8CC9 /* SceneDelegate.swift */,
				1AC3017A238073D700DE8CC9 /* Main.storyboard */,
				1AC30180238073D900DE8CC9 /* Assets.xcassets */,
				1AC30182238073D900DE8CC9 /* LaunchScreen.storyboard */,
				1AC30185238073D900DE8CC9 /* Info.plist */,
				1AC3017D238073D700DE8CC9 /* MovieCheck.xcdatamodeld */,
			);
			path = MovieCheck;
			sourceTree = "<group>";
		};
		1AC3018D238073DA00DE8CC9 /* MovieCheckTests */ = {
			isa = PBXGroup;
			children = (
				1AC301AC23807DBA00DE8CC9 /* Test Controllers */,
				1AC301AB23807DA500DE8CC9 /* Test Models */,
				1AC30190238073DA00DE8CC9 /* Info.plist */,
			);
			path = MovieCheckTests;
			sourceTree = "<group>";
		};
		1AC30198238073DA00DE8CC9 /* MovieCheckUITests */ = {
			isa = PBXGroup;
			children = (
				1AC30199238073DA00DE8CC9 /* MovieCheckUITests.swift */,
				1AC3019B238073DA00DE8CC9 /* Info.plist */,
			);
			path = MovieCheckUITests;
			sourceTree = "<group>";
		};
		1AC301A923807D7500DE8CC9 /* Models */ = {
			isa = PBXGroup;
			children = (
				1AC301A72380782600DE8CC9 /* Movie.swift */,
			);
			path = Models;
			sourceTree = "<group>";
		};
		1AC301AA23807D8400DE8CC9 /* Controllers */ = {
			isa = PBXGroup;
			children = (
				1AC30178238073D700DE8CC9 /* ViewController.swift */,
			);
			path = Controllers;
			sourceTree = "<group>";
		};
		1AC301AB23807DA500DE8CC9 /* Test Models */ = {
			isa = PBXGroup;
			children = (
				1AC3018E238073DA00DE8CC9 /* MovieCheckStructTests.swift */,
			);
			path = "Test Models";
			sourceTree = "<group>";
		};
		1AC301AC23807DBA00DE8CC9 /* Test Controllers */ = {
			isa = PBXGroup;
			children = (
			);
			path = "Test Controllers";
			sourceTree = "<group>";
		};
/* End PBXGroup section */

/* Begin PBXNativeTarget section */
		1AC30170238073D700DE8CC9 /* MovieCheck */ = {
			isa = PBXNativeTarget;
			buildConfigurationList = 1AC3019E238073DA00DE8CC9 /* Build configuration list for PBXNativeTarget "MovieCheck" */;
			buildPhases = (
				1AC3016D238073D700DE8CC9 /* Sources */,
				1AC3016E238073D700DE8CC9 /* Frameworks */,
				1AC3016F238073D700DE8CC9 /* Resources */,
			);
			buildRules = (
			);
			dependencies = (
			);
			name = MovieCheck;
			productName = MovieCheck;
			productReference = 1AC30171238073D700DE8CC9 /* MovieCheck.app */;
			productType = "com.apple.product-type.application";
		};
		1AC30189238073DA00DE8CC9 /* MovieCheckTests */ = {
			isa = PBXNativeTarget;
			buildConfigurationList = 1AC301A1238073DA00DE8CC9 /* Build configuration list for PBXNativeTarget "MovieCheckTests" */;
			buildPhases = (
				1AC30186238073DA00DE8CC9 /* Sources */,
				1AC30187238073DA00DE8CC9 /* Frameworks */,
				1AC30188238073DA00DE8CC9 /* Resources */,
			);
			buildRules = (
			);
			dependencies = (
				1AC3018C238073DA00DE8CC9 /* PBXTargetDependency */,
			);
			name = MovieCheckTests;
			productName = MovieCheckTests;
			productReference = 1AC3018A238073DA00DE8CC9 /* MovieCheckTests.xctest */;
			productType = "com.apple.product-type.bundle.unit-test";
		};
		1AC30194238073DA00DE8CC9 /* MovieCheckUITests */ = {
			isa = PBXNativeTarget;
			buildConfigurationList = 1AC301A4238073DA00DE8CC9 /* Build configuration list for PBXNativeTarget "MovieCheckUITests" */;
			buildPhases = (
				1AC30191238073DA00DE8CC9 /* Sources */,
				1AC30192238073DA00DE8CC9 /* Frameworks */,
				1AC30193238073DA00DE8CC9 /* Resources */,
			);
			buildRules = (
			);
			dependencies = (
				1AC30197238073DA00DE8CC9 /* PBXTargetDependency */,
			);
			name = MovieCheckUITests;
			productName = MovieCheckUITests;
			productReference = 1AC30195238073DA00DE8CC9 /* MovieCheckUITests.xctest */;
			productType = "com.apple.product-type.bundle.ui-testing";
		};
/* End PBXNativeTarget section */

/* Begin PBXProject section */
		1AC30169238073D700DE8CC9 /* Project object */ = {
			isa = PBXProject;
			attributes = {
				LastSwiftUpdateCheck = 1110;
				LastUpgradeCheck = 1110;
				ORGANIZATIONNAME = Mariela;
				TargetAttributes = {
					1AC30170238073D700DE8CC9 = {
						CreatedOnToolsVersion = 11.1;
					};
					1AC30189238073DA00DE8CC9 = {
						CreatedOnToolsVersion = 11.1;
						TestTargetID = 1AC30170238073D700DE8CC9;
					};
					1AC30194238073DA00DE8CC9 = {
						CreatedOnToolsVersion = 11.1;
						TestTargetID = 1AC30170238073D700DE8CC9;
					};
				};
			};
			buildConfigurationList = 1AC3016C238073D700DE8CC9 /* Build configuration list for PBXProject "MovieCheck" */;
			compatibilityVersion = "Xcode 9.3";
			developmentRegion = en;
			hasScannedForEncodings = 0;
			knownRegions = (
				en,
				Base,
			);
			mainGroup = 1AC30168238073D700DE8CC9;
			productRefGroup = 1AC30172238073D700DE8CC9 /* Products */;
			projectDirPath = "";
			projectRoot = "";
			targets = (
				1AC30170238073D700DE8CC9 /* MovieCheck */,
				1AC30189238073DA00DE8CC9 /* MovieCheckTests */,
				1AC30194238073DA00DE8CC9 /* MovieCheckUITests */,
			);
		};
/* End PBXProject section */

/* Begin PBXResourcesBuildPhase section */
		1AC3016F238073D700DE8CC9 /* Resources */ = {
			isa = PBXResourcesBuildPhase;
			buildActionMask = 2147483647;
			files = (
				1AC30184238073D900DE8CC9 /* LaunchScreen.storyboard in Resources */,
				1AC30181238073D900DE8CC9 /* Assets.xcassets in Resources */,
				1AC3017C238073D700DE8CC9 /* Main.storyboard in Resources */,
			);
			runOnlyForDeploymentPostprocessing = 0;
		};
		1AC30188238073DA00DE8CC9 /* Resources */ = {
			isa = PBXResourcesBuildPhase;
			buildActionMask = 2147483647;
			files = (
			);
			runOnlyForDeploymentPostprocessing = 0;
		};
		1AC30193238073DA00DE8CC9 /* Resources */ = {
			isa = PBXResourcesBuildPhase;
			buildActionMask = 2147483647;
			files = (
			);
			runOnlyForDeploymentPostprocessing = 0;
		};
/* End PBXResourcesBuildPhase section */

/* Begin PBXSourcesBuildPhase section */
		1AC3016D238073D700DE8CC9 /* Sources */ = {
			isa = PBXSourcesBuildPhase;
			buildActionMask = 2147483647;
			files = (
				1AC30179238073D700DE8CC9 /* ViewController.swift in Sources */,
				1AC3017F238073D700DE8CC9 /* MovieCheck.xcdatamodeld in Sources */,
				1AC30175238073D700DE8CC9 /* AppDelegate.swift in Sources */,
				1AC30177238073D700DE8CC9 /* SceneDelegate.swift in Sources */,
				1AC301A82380782600DE8CC9 /* Movie.swift in Sources */,
			);
			runOnlyForDeploymentPostprocessing = 0;
		};
		1AC30186238073DA00DE8CC9 /* Sources */ = {
			isa = PBXSourcesBuildPhase;
			buildActionMask = 2147483647;
			files = (
				1AC3018F238073DA00DE8CC9 /* MovieCheckStructTests.swift in Sources */,
			);
			runOnlyForDeploymentPostprocessing = 0;
		};
		1AC30191238073DA00DE8CC9 /* Sources */ = {
			isa = PBXSourcesBuildPhase;
			buildActionMask = 2147483647;
			files = (
				1AC3019A238073DA00DE8CC9 /* MovieCheckUITests.swift in Sources */,
			);
			runOnlyForDeploymentPostprocessing = 0;
		};
/* End PBXSourcesBuildPhase section */

/* Begin PBXTargetDependency section */
		1AC3018C238073DA00DE8CC9 /* PBXTargetDependency */ = {
			isa = PBXTargetDependency;
			target = 1AC30170238073D700DE8CC9 /* MovieCheck */;
			targetProxy = 1AC3018B238073DA00DE8CC9 /* PBXContainerItemProxy */;
		};
		1AC30197238073DA00DE8CC9 /* PBXTargetDependency */ = {
			isa = PBXTargetDependency;
			target = 1AC30170238073D700DE8CC9 /* MovieCheck */;
			targetProxy = 1AC30196238073DA00DE8CC9 /* PBXContainerItemProxy */;
		};
/* End PBXTargetDependency section */

/* Begin PBXVariantGroup section */
		1AC3017A238073D700DE8CC9 /* Main.storyboard */ = {
			isa = PBXVariantGroup;
			children = (
				1AC3017B238073D700DE8CC9 /* Base */,
			);
			name = Main.storyboard;
			sourceTree = "<group>";
		};
		1AC30182238073D900DE8CC9 /* LaunchScreen.storyboard */ = {
			isa = PBXVariantGroup;
			children = (
				1AC30183238073D900DE8CC9 /* Base */,
			);
			name = LaunchScreen.storyboard;
			sourceTree = "<group>";
		};
/* End PBXVariantGroup section */

/* Begin XCBuildConfiguration section */
		1AC3019C238073DA00DE8CC9 /* Debug */ = {
			isa = XCBuildConfiguration;
			buildSettings = {
				ALWAYS_SEARCH_USER_PATHS = NO;
				CLANG_ANALYZER_NONNULL = YES;
				CLANG_ANALYZER_NUMBER_OBJECT_CONVERSION = YES_AGGRESSIVE;
				CLANG_CXX_LANGUAGE_STANDARD = "gnu++14";
				CLANG_CXX_LIBRARY = "libc++";
				CLANG_ENABLE_MODULES = YES;
				CLANG_ENABLE_OBJC_ARC = YES;
				CLANG_ENABLE_OBJC_WEAK = YES;
				CLANG_WARN_BLOCK_CAPTURE_AUTORELEASING = YES;
				CLANG_WARN_BOOL_CONVERSION = YES;
				CLANG_WARN_COMMA = YES;
				CLANG_WARN_CONSTANT_CONVERSION = YES;
				CLANG_WARN_DEPRECATED_OBJC_IMPLEMENTATIONS = YES;
				CLANG_WARN_DIRECT_OBJC_ISA_USAGE = YES_ERROR;
				CLANG_WARN_DOCUMENTATION_COMMENTS = YES;
				CLANG_WARN_EMPTY_BODY = YES;
				CLANG_WARN_ENUM_CONVERSION = YES;
				CLANG_WARN_INFINITE_RECURSION = YES;
				CLANG_WARN_INT_CONVERSION = YES;
				CLANG_WARN_NON_LITERAL_NULL_CONVERSION = YES;
				CLANG_WARN_OBJC_IMPLICIT_RETAIN_SELF = YES;
				CLANG_WARN_OBJC_LITERAL_CONVERSION = YES;
				CLANG_WARN_OBJC_ROOT_CLASS = YES_ERROR;
				CLANG_WARN_RANGE_LOOP_ANALYSIS = YES;
				CLANG_WARN_STRICT_PROTOTYPES = YES;
				CLANG_WARN_SUSPICIOUS_MOVE = YES;
				CLANG_WARN_UNGUARDED_AVAILABILITY = YES_AGGRESSIVE;
				CLANG_WARN_UNREACHABLE_CODE = YES;
				CLANG_WARN__DUPLICATE_METHOD_MATCH = YES;
				COPY_PHASE_STRIP = NO;
				DEBUG_INFORMATION_FORMAT = dwarf;
				ENABLE_STRICT_OBJC_MSGSEND = YES;
				ENABLE_TESTABILITY = YES;
				GCC_C_LANGUAGE_STANDARD = gnu11;
				GCC_DYNAMIC_NO_PIC = NO;
				GCC_NO_COMMON_BLOCKS = YES;
				GCC_OPTIMIZATION_LEVEL = 0;
				GCC_PREPROCESSOR_DEFINITIONS = (
					"DEBUG=1",
					"$(inherited)",
				);
				GCC_WARN_64_TO_32_BIT_CONVERSION = YES;
				GCC_WARN_ABOUT_RETURN_TYPE = YES_ERROR;
				GCC_WARN_UNDECLARED_SELECTOR = YES;
				GCC_WARN_UNINITIALIZED_AUTOS = YES_AGGRESSIVE;
				GCC_WARN_UNUSED_FUNCTION = YES;
				GCC_WARN_UNUSED_VARIABLE = YES;
				IPHONEOS_DEPLOYMENT_TARGET = 13.1;
				MTL_ENABLE_DEBUG_INFO = INCLUDE_SOURCE;
				MTL_FAST_MATH = YES;
				ONLY_ACTIVE_ARCH = YES;
				SDKROOT = iphoneos;
				SWIFT_ACTIVE_COMPILATION_CONDITIONS = DEBUG;
				SWIFT_OPTIMIZATION_LEVEL = "-Onone";
			};
			name = Debug;
		};
		1AC3019D238073DA00DE8CC9 /* Release */ = {
			isa = XCBuildConfiguration;
			buildSettings = {
				ALWAYS_SEARCH_USER_PATHS = NO;
				CLANG_ANALYZER_NONNULL = YES;
				CLANG_ANALYZER_NUMBER_OBJECT_CONVERSION = YES_AGGRESSIVE;
				CLANG_CXX_LANGUAGE_STANDARD = "gnu++14";
				CLANG_CXX_LIBRARY = "libc++";
				CLANG_ENABLE_MODULES = YES;
				CLANG_ENABLE_OBJC_ARC = YES;
				CLANG_ENABLE_OBJC_WEAK = YES;
				CLANG_WARN_BLOCK_CAPTURE_AUTORELEASING = YES;
				CLANG_WARN_BOOL_CONVERSION = YES;
				CLANG_WARN_COMMA = YES;
				CLANG_WARN_CONSTANT_CONVERSION = YES;
				CLANG_WARN_DEPRECATED_OBJC_IMPLEMENTATIONS = YES;
				CLANG_WARN_DIRECT_OBJC_ISA_USAGE = YES_ERROR;
				CLANG_WARN_DOCUMENTATION_COMMENTS = YES;
				CLANG_WARN_EMPTY_BODY = YES;
				CLANG_WARN_ENUM_CONVERSION = YES;
				CLANG_WARN_INFINITE_RECURSION = YES;
				CLANG_WARN_INT_CONVERSION = YES;
				CLANG_WARN_NON_LITERAL_NULL_CONVERSION = YES;
				CLANG_WARN_OBJC_IMPLICIT_RETAIN_SELF = YES;
				CLANG_WARN_OBJC_LITERAL_CONVERSION = YES;
				CLANG_WARN_OBJC_ROOT_CLASS = YES_ERROR;
				CLANG_WARN_RANGE_LOOP_ANALYSIS = YES;
				CLANG_WARN_STRICT_PROTOTYPES = YES;
				CLANG_WARN_SUSPICIOUS_MOVE = YES;
				CLANG_WARN_UNGUARDED_AVAILABILITY = YES_AGGRESSIVE;
				CLANG_WARN_UNREACHABLE_CODE = YES;
				CLANG_WARN__DUPLICATE_METHOD_MATCH = YES;
				COPY_PHASE_STRIP = NO;
				DEBUG_INFORMATION_FORMAT = "dwarf-with-dsym";
				ENABLE_NS_ASSERTIONS = NO;
				ENABLE_STRICT_OBJC_MSGSEND = YES;
				GCC_C_LANGUAGE_STANDARD = gnu11;
				GCC_NO_COMMON_BLOCKS = YES;
				GCC_WARN_64_TO_32_BIT_CONVERSION = YES;
				GCC_WARN_ABOUT_RETURN_TYPE = YES_ERROR;
				GCC_WARN_UNDECLARED_SELECTOR = YES;
				GCC_WARN_UNINITIALIZED_AUTOS = YES_AGGRESSIVE;
				GCC_WARN_UNUSED_FUNCTION = YES;
				GCC_WARN_UNUSED_VARIABLE = YES;
				IPHONEOS_DEPLOYMENT_TARGET = 13.1;
				MTL_ENABLE_DEBUG_INFO = NO;
				MTL_FAST_MATH = YES;
				SDKROOT = iphoneos;
				SWIFT_COMPILATION_MODE = wholemodule;
				SWIFT_OPTIMIZATION_LEVEL = "-O";
				VALIDATE_PRODUCT = YES;
			};
			name = Release;
		};
		1AC3019F238073DA00DE8CC9 /* Debug */ = {
			isa = XCBuildConfiguration;
			buildSettings = {
				ASSETCATALOG_COMPILER_APPICON_NAME = AppIcon;
				CODE_SIGN_STYLE = Automatic;
				DEVELOPMENT_TEAM = EPL3UEE88E;
				INFOPLIST_FILE = MovieCheck/Info.plist;
				LD_RUNPATH_SEARCH_PATHS = (
					"$(inherited)",
					"@executable_path/Frameworks",
				);
				PRODUCT_BUNDLE_IDENTIFIER = com.mari.MovieCheck;
				PRODUCT_NAME = "$(TARGET_NAME)";
				SWIFT_VERSION = 5.0;
				TARGETED_DEVICE_FAMILY = "1,2";
			};
			name = Debug;
		};
		1AC301A0238073DA00DE8CC9 /* Release */ = {
			isa = XCBuildConfiguration;
			buildSettings = {
				ASSETCATALOG_COMPILER_APPICON_NAME = AppIcon;
				CODE_SIGN_STYLE = Automatic;
				DEVELOPMENT_TEAM = EPL3UEE88E;
				INFOPLIST_FILE = MovieCheck/Info.plist;
				LD_RUNPATH_SEARCH_PATHS = (
					"$(inherited)",
					"@executable_path/Frameworks",
				);
				PRODUCT_BUNDLE_IDENTIFIER = com.mari.MovieCheck;
				PRODUCT_NAME = "$(TARGET_NAME)";
				SWIFT_VERSION = 5.0;
				TARGETED_DEVICE_FAMILY = "1,2";
			};
			name = Release;
		};
		1AC301A2238073DA00DE8CC9 /* Debug */ = {
			isa = XCBuildConfiguration;
			buildSettings = {
				ALWAYS_EMBED_SWIFT_STANDARD_LIBRARIES = YES;
				BUNDLE_LOADER = "$(TEST_HOST)";
				CODE_SIGN_STYLE = Automatic;
				DEVELOPMENT_TEAM = EPL3UEE88E;
				INFOPLIST_FILE = MovieCheckTests/Info.plist;
				IPHONEOS_DEPLOYMENT_TARGET = 13.1;
				LD_RUNPATH_SEARCH_PATHS = (
					"$(inherited)",
					"@executable_path/Frameworks",
					"@loader_path/Frameworks",
				);
				PRODUCT_BUNDLE_IDENTIFIER = com.mari.MovieCheckTests;
				PRODUCT_NAME = "$(TARGET_NAME)";
				SWIFT_VERSION = 5.0;
				TARGETED_DEVICE_FAMILY = "1,2";
				TEST_HOST = "$(BUILT_PRODUCTS_DIR)/MovieCheck.app/MovieCheck";
			};
			name = Debug;
		};
		1AC301A3238073DA00DE8CC9 /* Release */ = {
			isa = XCBuildConfiguration;
			buildSettings = {
				ALWAYS_EMBED_SWIFT_STANDARD_LIBRARIES = YES;
				BUNDLE_LOADER = "$(TEST_HOST)";
				CODE_SIGN_STYLE = Automatic;
				DEVELOPMENT_TEAM = EPL3UEE88E;
				INFOPLIST_FILE = MovieCheckTests/Info.plist;
				IPHONEOS_DEPLOYMENT_TARGET = 13.1;
				LD_RUNPATH_SEARCH_PATHS = (
					"$(inherited)",
					"@executable_path/Frameworks",
					"@loader_path/Frameworks",
				);
				PRODUCT_BUNDLE_IDENTIFIER = com.mari.MovieCheckTests;
				PRODUCT_NAME = "$(TARGET_NAME)";
				SWIFT_VERSION = 5.0;
				TARGETED_DEVICE_FAMILY = "1,2";
				TEST_HOST = "$(BUILT_PRODUCTS_DIR)/MovieCheck.app/MovieCheck";
			};
			name = Release;
		};
		1AC301A5238073DA00DE8CC9 /* Debug */ = {
			isa = XCBuildConfiguration;
			buildSettings = {
				ALWAYS_EMBED_SWIFT_STANDARD_LIBRARIES = YES;
				CODE_SIGN_STYLE = Automatic;
				DEVELOPMENT_TEAM = EPL3UEE88E;
				INFOPLIST_FILE = MovieCheckUITests/Info.plist;
				LD_RUNPATH_SEARCH_PATHS = (
					"$(inherited)",
					"@executable_path/Frameworks",
					"@loader_path/Frameworks",
				);
				PRODUCT_BUNDLE_IDENTIFIER = com.mari.MovieCheckUITests;
				PRODUCT_NAME = "$(TARGET_NAME)";
				SWIFT_VERSION = 5.0;
				TARGETED_DEVICE_FAMILY = "1,2";
				TEST_TARGET_NAME = MovieCheck;
			};
			name = Debug;
		};
		1AC301A6238073DA00DE8CC9 /* Release */ = {
			isa = XCBuildConfiguration;
			buildSettings = {
				ALWAYS_EMBED_SWIFT_STANDARD_LIBRARIES = YES;
				CODE_SIGN_STYLE = Automatic;
				DEVELOPMENT_TEAM = EPL3UEE88E;
				INFOPLIST_FILE = MovieCheckUITests/Info.plist;
				LD_RUNPATH_SEARCH_PATHS = (
					"$(inherited)",
					"@executable_path/Frameworks",
					"@loader_path/Frameworks",
				);
				PRODUCT_BUNDLE_IDENTIFIER = com.mari.MovieCheckUITests;
				PRODUCT_NAME = "$(TARGET_NAME)";
				SWIFT_VERSION = 5.0;
				TARGETED_DEVICE_FAMILY = "1,2";
				TEST_TARGET_NAME = MovieCheck;
			};
			name = Release;
		};
/* End XCBuildConfiguration section */

/* Begin XCConfigurationList section */
		1AC3016C238073D700DE8CC9 /* Build configuration list for PBXProject "MovieCheck" */ = {
			isa = XCConfigurationList;
			buildConfigurations = (
				1AC3019C238073DA00DE8CC9 /* Debug */,
				1AC3019D238073DA00DE8CC9 /* Release */,
			);
			defaultConfigurationIsVisible = 0;
			defaultConfigurationName = Release;
		};
		1AC3019E238073DA00DE8CC9 /* Build configuration list for PBXNativeTarget "MovieCheck" */ = {
			isa = XCConfigurationList;
			buildConfigurations = (
				1AC3019F238073DA00DE8CC9 /* Debug */,
				1AC301A0238073DA00DE8CC9 /* Release */,
			);
			defaultConfigurationIsVisible = 0;
			defaultConfigurationName = Release;
		};
		1AC301A1238073DA00DE8CC9 /* Build configuration list for PBXNativeTarget "MovieCheckTests" */ = {
			isa = XCConfigurationList;
			buildConfigurations = (
				1AC301A2238073DA00DE8CC9 /* Debug */,
				1AC301A3238073DA00DE8CC9 /* Release */,
			);
			defaultConfigurationIsVisible = 0;
			defaultConfigurationName = Release;
		};
		1AC301A4238073DA00DE8CC9 /* Build configuration list for PBXNativeTarget "MovieCheckUITests" */ = {
			isa = XCConfigurationList;
			buildConfigurations = (
				1AC301A5238073DA00DE8CC9 /* Debug */,
				1AC301A6238073DA00DE8CC9 /* Release */,
			);
			defaultConfigurationIsVisible = 0;
			defaultConfigurationName = Release;
		};
/* End XCConfigurationList section */

/* Begin XCVersionGroup section */
		1AC3017D238073D700DE8CC9 /* MovieCheck.xcdatamodeld */ = {
			isa = XCVersionGroup;
			children = (
				1AC3017E238073D700DE8CC9 /* MovieCheck.xcdatamodel */,
			);
			currentVersion = 1AC3017E238073D700DE8CC9 /* MovieCheck.xcdatamodel */;
			path = MovieCheck.xcdatamodeld;
			sourceTree = "<group>";
			versionGroupType = wrapper.xcdatamodel;
		};
/* End XCVersionGroup section */
	};
	rootObject = 1AC30169238073D700DE8CC9 /* Project object */;
}
